// !$*UTF8*$!
{
	archiveVersion = 1;
	classes = {
	};
	objectVersion = 50;
	objects = {

/* Begin PBXBuildFile section */
		7014E65721E9F4840058433D /* RestaurantOverviewTableViewCell.swift in Sources */ = {isa = PBXBuildFile; fileRef = 7014E65521E9F4840058433D /* RestaurantOverviewTableViewCell.swift */; };
		7014E65821E9F4840058433D /* RestaurantOverviewTableViewCell.xib in Resources */ = {isa = PBXBuildFile; fileRef = 7014E65621E9F4840058433D /* RestaurantOverviewTableViewCell.xib */; };
		7014E65C21ECB4A00058433D /* HotelRestaurantImagePickerCollectionViewCell.swift in Sources */ = {isa = PBXBuildFile; fileRef = 7014E65B21ECB4A00058433D /* HotelRestaurantImagePickerCollectionViewCell.swift */; };
		708A690E21E4E66100932BFA /* ReserveRegistrationViewController.swift in Sources */ = {isa = PBXBuildFile; fileRef = 708A690D21E4E66100932BFA /* ReserveRegistrationViewController.swift */; };
		708A691121E4E6A200932BFA /* ReserveRegistrationTableViewCell.swift in Sources */ = {isa = PBXBuildFile; fileRef = 708A690F21E4E6A200932BFA /* ReserveRegistrationTableViewCell.swift */; };
		708A691221E4E6A200932BFA /* ReserveRegistrationTableViewCell.xib in Resources */ = {isa = PBXBuildFile; fileRef = 708A691021E4E6A200932BFA /* ReserveRegistrationTableViewCell.xib */; };
		708A691D21E521C700932BFA /* HotelOverviewTableViewCell.swift in Sources */ = {isa = PBXBuildFile; fileRef = 708A691B21E521C700932BFA /* HotelOverviewTableViewCell.swift */; };
		708A691E21E521C700932BFA /* HotelOverviewTableViewCell.xib in Resources */ = {isa = PBXBuildFile; fileRef = 708A691C21E521C700932BFA /* HotelOverviewTableViewCell.xib */; };
		708A692121E5421900932BFA /* HotelRestaurantMapTableViewCell.swift in Sources */ = {isa = PBXBuildFile; fileRef = 708A691F21E5421900932BFA /* HotelRestaurantMapTableViewCell.swift */; };
		708A692221E5421900932BFA /* HotelRestaurantMapTableViewCell.xib in Resources */ = {isa = PBXBuildFile; fileRef = 708A692021E5421900932BFA /* HotelRestaurantMapTableViewCell.xib */; };
		708A692421E551FC00932BFA /* HotelTableViewCell.swift in Sources */ = {isa = PBXBuildFile; fileRef = 708A692321E551FC00932BFA /* HotelTableViewCell.swift */; };
		708A692621E557F600932BFA /* RestaurantTableViewCell.swift in Sources */ = {isa = PBXBuildFile; fileRef = 708A692521E557F600932BFA /* RestaurantTableViewCell.swift */; };
		708A692821E6AFD100932BFA /* HotelsRestaurants.swift in Sources */ = {isa = PBXBuildFile; fileRef = 708A692721E6AFD100932BFA /* HotelsRestaurants.swift */; };
		70E7072621E78E6F007CE603 /* HotelRestaurantImageTableViewCell.swift in Sources */ = {isa = PBXBuildFile; fileRef = 70E7072421E78E6F007CE603 /* HotelRestaurantImageTableViewCell.swift */; };
		70E7072721E78E6F007CE603 /* HotelRestaurantImageTableViewCell.xib in Resources */ = {isa = PBXBuildFile; fileRef = 70E7072521E78E6F007CE603 /* HotelRestaurantImageTableViewCell.xib */; };
		70E7072E21E79034007CE603 /* HotelRestaurantCollectionViewCell.swift in Sources */ = {isa = PBXBuildFile; fileRef = 70E7072C21E79034007CE603 /* HotelRestaurantCollectionViewCell.swift */; };
		70E7072F21E79034007CE603 /* HotelRestaurantCollectionViewCell.xib in Resources */ = {isa = PBXBuildFile; fileRef = 70E7072D21E79034007CE603 /* HotelRestaurantCollectionViewCell.xib */; };
		86043CC121EA1AE9001C78F3 /* FirebaseEvent.swift in Sources */ = {isa = PBXBuildFile; fileRef = 86043CC021EA1AE8001C78F3 /* FirebaseEvent.swift */; };
		86043CC321EAB245001C78F3 /* Date+toString.swift in Sources */ = {isa = PBXBuildFile; fileRef = 86043CC221EAB245001C78F3 /* Date+toString.swift */; };
		86AFF76C21E4D1D100990FA8 /* TopHotelCollectionViewCell.swift in Sources */ = {isa = PBXBuildFile; fileRef = 86AFF76B21E4D1D100990FA8 /* TopHotelCollectionViewCell.swift */; };
		86AFF76E21E4D22800990FA8 /* TopRestaurantCollectionViewCell.swift in Sources */ = {isa = PBXBuildFile; fileRef = 86AFF76D21E4D22700990FA8 /* TopRestaurantCollectionViewCell.swift */; };
		86D1EF0021E4AEBD00738187 /* Main.storyboard in Resources */ = {isa = PBXBuildFile; fileRef = 86D1EEFE21E4AEBD00738187 /* Main.storyboard */; };
		86D1EF0221E4AECF00738187 /* Assets.xcassets in Resources */ = {isa = PBXBuildFile; fileRef = 86D1EF0121E4AECF00738187 /* Assets.xcassets */; };
		86D1EF0521E4AECF00738187 /* LaunchScreen.storyboard in Resources */ = {isa = PBXBuildFile; fileRef = 86D1EF0321E4AECF00738187 /* LaunchScreen.storyboard */; };
		86D1EF1921E4B57100738187 /* DoneButton.swift in Sources */ = {isa = PBXBuildFile; fileRef = 86D1EF1521E4B57000738187 /* DoneButton.swift */; };
		86D1EF1A21E4B57100738187 /* DatePickerInputTextField.swift in Sources */ = {isa = PBXBuildFile; fileRef = 86D1EF1621E4B57100738187 /* DatePickerInputTextField.swift */; };
		86D1EF1B21E4B57100738187 /* MapInputTextField.swift in Sources */ = {isa = PBXBuildFile; fileRef = 86D1EF1721E4B57100738187 /* MapInputTextField.swift */; };
		86D1EF1C21E4B57100738187 /* GradientView.swift in Sources */ = {isa = PBXBuildFile; fileRef = 86D1EF1821E4B57100738187 /* GradientView.swift */; };
		86D1EF1F21E4B5CA00738187 /* DataManager.swift in Sources */ = {isa = PBXBuildFile; fileRef = 86D1EF1D21E4B5C900738187 /* DataManager.swift */; };
		86D1EF2021E4B5CA00738187 /* AppDelegate.swift in Sources */ = {isa = PBXBuildFile; fileRef = 86D1EF1E21E4B5C900738187 /* AppDelegate.swift */; };
		86D1EF2221E4B67A00738187 /* Home.storyboard in Resources */ = {isa = PBXBuildFile; fileRef = 86D1EF2121E4B67A00738187 /* Home.storyboard */; };
		86D1EF2421E4B6F700738187 /* Events.storyboard in Resources */ = {isa = PBXBuildFile; fileRef = 86D1EF2321E4B6F600738187 /* Events.storyboard */; };
		86D1EF2621E4B73700738187 /* HotelsAndRestaurants.storyboard in Resources */ = {isa = PBXBuildFile; fileRef = 86D1EF2521E4B73700738187 /* HotelsAndRestaurants.storyboard */; };
		86D1EF2C21E4B7D500738187 /* ImagePickerViewController.swift in Sources */ = {isa = PBXBuildFile; fileRef = 86D1EF2A21E4B7D500738187 /* ImagePickerViewController.swift */; };
		86D1EF2D21E4B7D500738187 /* ImagePickerViewController.xib in Resources */ = {isa = PBXBuildFile; fileRef = 86D1EF2B21E4B7D500738187 /* ImagePickerViewController.xib */; };
		86D1EF3121E4B7F200738187 /* ImagePickerCollectionViewCell.xib in Resources */ = {isa = PBXBuildFile; fileRef = 86D1EF2F21E4B7F100738187 /* ImagePickerCollectionViewCell.xib */; };
		86D1EF3221E4B7F200738187 /* ImagePickerCollectionViewCell.swift in Sources */ = {isa = PBXBuildFile; fileRef = 86D1EF3021E4B7F100738187 /* ImagePickerCollectionViewCell.swift */; };
		86D1EF3821E4B83000738187 /* PHPhotoLibrary+ AuthRequest.swift in Sources */ = {isa = PBXBuildFile; fileRef = 86D1EF3521E4B82F00738187 /* PHPhotoLibrary+ AuthRequest.swift */; };
		86D1EF3921E4B83000738187 /* Date+String.swift in Sources */ = {isa = PBXBuildFile; fileRef = 86D1EF3621E4B82F00738187 /* Date+String.swift */; };
		86D1EF3A21E4B83000738187 /* CLLocationManager+ AuthRequest.swift in Sources */ = {isa = PBXBuildFile; fileRef = 86D1EF3721E4B82F00738187 /* CLLocationManager+ AuthRequest.swift */; };
		86D1EF4221E4BD2400738187 /* CategoryTableViewCell.xib in Resources */ = {isa = PBXBuildFile; fileRef = 86D1EF4121E4BD2400738187 /* CategoryTableViewCell.xib */; };
		86D1EF4E21E4BDBD00738187 /* CategoryTableViewCell.swift in Sources */ = {isa = PBXBuildFile; fileRef = 86D1EF4D21E4BDBD00738187 /* CategoryTableViewCell.swift */; };
		86D1EF6521E4C05800738187 /* UpcomingTableViewCell.swift in Sources */ = {isa = PBXBuildFile; fileRef = 86D1EF6321E4C05600738187 /* UpcomingTableViewCell.swift */; };
		86D1EF6621E4C05800738187 /* EventTableViewCell.swift in Sources */ = {isa = PBXBuildFile; fileRef = 86D1EF6421E4C05700738187 /* EventTableViewCell.swift */; };
		86D1EF6C21E4C0B500738187 /* EventCategoryCollectionViewCell.swift in Sources */ = {isa = PBXBuildFile; fileRef = 86D1EF6921E4C0B400738187 /* EventCategoryCollectionViewCell.swift */; };
		86D1EF6D21E4C0B500738187 /* EventPictureCollectionViewCell.swift in Sources */ = {isa = PBXBuildFile; fileRef = 86D1EF6A21E4C0B400738187 /* EventPictureCollectionViewCell.swift */; };
		86D1EF6E21E4C0B500738187 /* NewEventCollectionViewCellWithPicture.swift in Sources */ = {isa = PBXBuildFile; fileRef = 86D1EF6B21E4C0B500738187 /* NewEventCollectionViewCellWithPicture.swift */; };
		86D1EF7621E4C31400738187 /* EventsViewController.swift in Sources */ = {isa = PBXBuildFile; fileRef = 86D1EF7121E4C31300738187 /* EventsViewController.swift */; };
		86D1EF7721E4C31400738187 /* UpcomingEventViewController.swift in Sources */ = {isa = PBXBuildFile; fileRef = 86D1EF7221E4C31300738187 /* UpcomingEventViewController.swift */; };
		86D1EF7821E4C31400738187 /* NewEventViewController.swift in Sources */ = {isa = PBXBuildFile; fileRef = 86D1EF7321E4C31300738187 /* NewEventViewController.swift */; };
		86D1EF7921E4C31400738187 /* EventViewController.swift in Sources */ = {isa = PBXBuildFile; fileRef = 86D1EF7421E4C31400738187 /* EventViewController.swift */; };
		86D1EF7A21E4C31400738187 /* EventCategoriesViewController.swift in Sources */ = {isa = PBXBuildFile; fileRef = 86D1EF7521E4C31400738187 /* EventCategoriesViewController.swift */; };
		86D1EF7F21E4C41300738187 /* HomeViewController.swift in Sources */ = {isa = PBXBuildFile; fileRef = 86D1EF7C21E4C41200738187 /* HomeViewController.swift */; };
		86D1EF8021E4C41300738187 /* ProfileViewController.swift in Sources */ = {isa = PBXBuildFile; fileRef = 86D1EF7D21E4C41200738187 /* ProfileViewController.swift */; };
		86D1EF8421E4C4C300738187 /* MainReserveViewController.swift in Sources */ = {isa = PBXBuildFile; fileRef = 86D1EF8321E4C4C300738187 /* MainReserveViewController.swift */; };
		86D1EF8921E4C4D800738187 /* RestaurantDescriptionViewController.swift in Sources */ = {isa = PBXBuildFile; fileRef = 86D1EF8521E4C4D600738187 /* RestaurantDescriptionViewController.swift */; };
		86D1EF8A21E4C4D800738187 /* HotelsViewController.swift in Sources */ = {isa = PBXBuildFile; fileRef = 86D1EF8621E4C4D700738187 /* HotelsViewController.swift */; };
		86D1EF8B21E4C4D800738187 /* RestaurantsViewController.swift in Sources */ = {isa = PBXBuildFile; fileRef = 86D1EF8721E4C4D700738187 /* RestaurantsViewController.swift */; };
		86D1EF8C21E4C4D800738187 /* HotelDescriptionViewController.swift in Sources */ = {isa = PBXBuildFile; fileRef = 86D1EF8821E4C4D700738187 /* HotelDescriptionViewController.swift */; };
		86D1EF9521E4C69A00738187 /* TopRestaurantTableViewCell.swift in Sources */ = {isa = PBXBuildFile; fileRef = 86D1EF9321E4C69900738187 /* TopRestaurantTableViewCell.swift */; };
		86D1EF9621E4C69A00738187 /* TopHotelTableViewCell.swift in Sources */ = {isa = PBXBuildFile; fileRef = 86D1EF9421E4C69A00738187 /* TopHotelTableViewCell.swift */; };
		86D1EF9B21E4C9BD00738187 /* GoogleService-Info.plist in Resources */ = {isa = PBXBuildFile; fileRef = 86D1EF9A21E4C9BD00738187 /* GoogleService-Info.plist */; };
		86D1EF9E21E4D00400738187 /* PersistentController.swift in Sources */ = {isa = PBXBuildFile; fileRef = 86D1EF9D21E4D00300738187 /* PersistentController.swift */; };
		86D1EFA121E4D06700738187 /* In_Yerevan.xcdatamodeld in Sources */ = {isa = PBXBuildFile; fileRef = 86D1EF9F21E4D06600738187 /* In_Yerevan.xcdatamodeld */; };
		98E1B5C4496047B6E7761DDF /* Pods_InYerevan.framework in Frameworks */ = {isa = PBXBuildFile; fileRef = 3DABF38CD586899DF4A2D30E /* Pods_InYerevan.framework */; };
		D484C15921EC9119006260B3 /* UIColor+Additions.swift in Sources */ = {isa = PBXBuildFile; fileRef = D484C15821EC9119006260B3 /* UIColor+Additions.swift */; };
		D484C15B21EC961E006260B3 /* UIView+GradientBackground.swift in Sources */ = {isa = PBXBuildFile; fileRef = D484C15A21EC961E006260B3 /* UIView+GradientBackground.swift */; };
		D484C16121ED2AA4006260B3 /* Sender+isAdministration.swift in Sources */ = {isa = PBXBuildFile; fileRef = D484C16021ED2AA4006260B3 /* Sender+isAdministration.swift */; };
		D484C16321ED3150006260B3 /* UIView+makeCircular.swift in Sources */ = {isa = PBXBuildFile; fileRef = D484C16221ED3150006260B3 /* UIView+makeCircular.swift */; };
		D4C0AAE921F0AEF9003C5B59 /* ChannelCell.xib in Resources */ = {isa = PBXBuildFile; fileRef = D4C0AAE721F0AEF9003C5B59 /* ChannelCell.xib */; };
		D4C0AAEA21F0AEF9003C5B59 /* ChannelCell.swift in Sources */ = {isa = PBXBuildFile; fileRef = D4C0AAE821F0AEF9003C5B59 /* ChannelCell.swift */; };
		D4C17D9B21EC07DF008FCA61 /* UIView+Constraints.swift in Sources */ = {isa = PBXBuildFile; fileRef = D4C17D9A21EC07DF008FCA61 /* UIView+Constraints.swift */; };
		D4C17D9F21EC0D72008FCA61 /* UITextField+RoundedCustomization.swift in Sources */ = {isa = PBXBuildFile; fileRef = D4C17D9E21EC0D72008FCA61 /* UITextField+RoundedCustomization.swift */; };
		D4C17DA121EC1348008FCA61 /* UIButton+RoundedCustomization.swift in Sources */ = {isa = PBXBuildFile; fileRef = D4C17DA021EC1348008FCA61 /* UIButton+RoundedCustomization.swift */; };
		D4C8F9D421E4DAD400EF213C /* Message.swift in Sources */ = {isa = PBXBuildFile; fileRef = D4C8F9D121E4DAD300EF213C /* Message.swift */; };
		D4C8F9D521E4DAD400EF213C /* Channel.swift in Sources */ = {isa = PBXBuildFile; fileRef = D4C8F9D221E4DAD300EF213C /* Channel.swift */; };
		D4C8F9D621E4DAD400EF213C /* Image.swift in Sources */ = {isa = PBXBuildFile; fileRef = D4C8F9D321E4DAD300EF213C /* Image.swift */; };
		D4C8F9DA21E4DB1500EF213C /* ChatViewController.swift in Sources */ = {isa = PBXBuildFile; fileRef = D4C8F9D721E4DB1400EF213C /* ChatViewController.swift */; };
		D4C8F9DC21E4DB1500EF213C /* UserListViewController.swift in Sources */ = {isa = PBXBuildFile; fileRef = D4C8F9D921E4DB1400EF213C /* UserListViewController.swift */; };
		D4C8F9E321E4DBFE00EF213C /* String+Emoji.swift in Sources */ = {isa = PBXBuildFile; fileRef = D4C8F9E021E4DBFE00EF213C /* String+Emoji.swift */; };
		D4C8F9E421E4DBFE00EF213C /* UIImage+Scaling.swift in Sources */ = {isa = PBXBuildFile; fileRef = D4C8F9E121E4DBFE00EF213C /* UIImage+Scaling.swift */; };
		D4E3835121EB2B3E00A5A89C /* RegistrationViewConrroller.swift in Sources */ = {isa = PBXBuildFile; fileRef = D4E3835021EB2B3E00A5A89C /* RegistrationViewConrroller.swift */; };
		F9E58D8F21E604F700D0A88C /* User.swift in Sources */ = {isa = PBXBuildFile; fileRef = F9E58D8E21E604F700D0A88C /* User.swift */; };
/* End PBXBuildFile section */

/* Begin PBXFileReference section */
		3DABF38CD586899DF4A2D30E /* Pods_InYerevan.framework */ = {isa = PBXFileReference; explicitFileType = wrapper.framework; includeInIndex = 0; path = Pods_InYerevan.framework; sourceTree = BUILT_PRODUCTS_DIR; };
		43ACAF3AD86ADC5742A2B8F8 /* Pods-InYerevan.release.xcconfig */ = {isa = PBXFileReference; includeInIndex = 1; lastKnownFileType = text.xcconfig; name = "Pods-InYerevan.release.xcconfig"; path = "Pods/Target Support Files/Pods-InYerevan/Pods-InYerevan.release.xcconfig"; sourceTree = "<group>"; };
		7014E65521E9F4840058433D /* RestaurantOverviewTableViewCell.swift */ = {isa = PBXFileReference; lastKnownFileType = sourcecode.swift; name = RestaurantOverviewTableViewCell.swift; path = "InYerevan/Views/Xib files/Hotels & Restaurants/RestaurantOverviewTableViewCell.swift"; sourceTree = SOURCE_ROOT; };
		7014E65621E9F4840058433D /* RestaurantOverviewTableViewCell.xib */ = {isa = PBXFileReference; lastKnownFileType = file.xib; name = RestaurantOverviewTableViewCell.xib; path = "InYerevan/Views/Xib files/Hotels & Restaurants/RestaurantOverviewTableViewCell.xib"; sourceTree = SOURCE_ROOT; };
		7014E65B21ECB4A00058433D /* HotelRestaurantImagePickerCollectionViewCell.swift */ = {isa = PBXFileReference; lastKnownFileType = sourcecode.swift; path = HotelRestaurantImagePickerCollectionViewCell.swift; sourceTree = "<group>"; };
		708A690D21E4E66100932BFA /* ReserveRegistrationViewController.swift */ = {isa = PBXFileReference; lastKnownFileType = sourcecode.swift; path = ReserveRegistrationViewController.swift; sourceTree = "<group>"; };
		708A690F21E4E6A200932BFA /* ReserveRegistrationTableViewCell.swift */ = {isa = PBXFileReference; lastKnownFileType = sourcecode.swift; path = ReserveRegistrationTableViewCell.swift; sourceTree = "<group>"; };
		708A691021E4E6A200932BFA /* ReserveRegistrationTableViewCell.xib */ = {isa = PBXFileReference; lastKnownFileType = file.xib; path = ReserveRegistrationTableViewCell.xib; sourceTree = "<group>"; };
		708A691B21E521C700932BFA /* HotelOverviewTableViewCell.swift */ = {isa = PBXFileReference; lastKnownFileType = sourcecode.swift; path = HotelOverviewTableViewCell.swift; sourceTree = "<group>"; };
		708A691C21E521C700932BFA /* HotelOverviewTableViewCell.xib */ = {isa = PBXFileReference; lastKnownFileType = file.xib; path = HotelOverviewTableViewCell.xib; sourceTree = "<group>"; };
		708A691F21E5421900932BFA /* HotelRestaurantMapTableViewCell.swift */ = {isa = PBXFileReference; lastKnownFileType = sourcecode.swift; path = HotelRestaurantMapTableViewCell.swift; sourceTree = "<group>"; };
		708A692021E5421900932BFA /* HotelRestaurantMapTableViewCell.xib */ = {isa = PBXFileReference; lastKnownFileType = file.xib; path = HotelRestaurantMapTableViewCell.xib; sourceTree = "<group>"; };
		708A692321E551FC00932BFA /* HotelTableViewCell.swift */ = {isa = PBXFileReference; lastKnownFileType = sourcecode.swift; path = HotelTableViewCell.swift; sourceTree = "<group>"; };
		708A692521E557F600932BFA /* RestaurantTableViewCell.swift */ = {isa = PBXFileReference; lastKnownFileType = sourcecode.swift; path = RestaurantTableViewCell.swift; sourceTree = "<group>"; };
		708A692721E6AFD100932BFA /* HotelsRestaurants.swift */ = {isa = PBXFileReference; lastKnownFileType = sourcecode.swift; path = HotelsRestaurants.swift; sourceTree = "<group>"; };
		70E7072421E78E6F007CE603 /* HotelRestaurantImageTableViewCell.swift */ = {isa = PBXFileReference; lastKnownFileType = sourcecode.swift; path = HotelRestaurantImageTableViewCell.swift; sourceTree = "<group>"; };
		70E7072521E78E6F007CE603 /* HotelRestaurantImageTableViewCell.xib */ = {isa = PBXFileReference; lastKnownFileType = file.xib; path = HotelRestaurantImageTableViewCell.xib; sourceTree = "<group>"; };
		70E7072C21E79034007CE603 /* HotelRestaurantCollectionViewCell.swift */ = {isa = PBXFileReference; lastKnownFileType = sourcecode.swift; path = HotelRestaurantCollectionViewCell.swift; sourceTree = "<group>"; };
		70E7072D21E79034007CE603 /* HotelRestaurantCollectionViewCell.xib */ = {isa = PBXFileReference; lastKnownFileType = file.xib; path = HotelRestaurantCollectionViewCell.xib; sourceTree = "<group>"; };
		86043CC021EA1AE8001C78F3 /* FirebaseEvent.swift */ = {isa = PBXFileReference; fileEncoding = 4; lastKnownFileType = sourcecode.swift; name = FirebaseEvent.swift; path = InYerevan/Models/Events/FirebaseEvent.swift; sourceTree = SOURCE_ROOT; };
		86043CC221EAB245001C78F3 /* Date+toString.swift */ = {isa = PBXFileReference; lastKnownFileType = sourcecode.swift; path = "Date+toString.swift"; sourceTree = "<group>"; };
		86AFF76B21E4D1D100990FA8 /* TopHotelCollectionViewCell.swift */ = {isa = PBXFileReference; fileEncoding = 4; lastKnownFileType = sourcecode.swift; path = TopHotelCollectionViewCell.swift; sourceTree = "<group>"; };
		86AFF76D21E4D22700990FA8 /* TopRestaurantCollectionViewCell.swift */ = {isa = PBXFileReference; fileEncoding = 4; lastKnownFileType = sourcecode.swift; path = TopRestaurantCollectionViewCell.swift; sourceTree = "<group>"; };
		86D1EEF721E4AEBD00738187 /* InYerevan.app */ = {isa = PBXFileReference; explicitFileType = wrapper.application; includeInIndex = 0; path = InYerevan.app; sourceTree = BUILT_PRODUCTS_DIR; };
		86D1EEFF21E4AEBD00738187 /* Base */ = {isa = PBXFileReference; lastKnownFileType = file.storyboard; name = Base; path = Base.lproj/Main.storyboard; sourceTree = "<group>"; };
		86D1EF0121E4AECF00738187 /* Assets.xcassets */ = {isa = PBXFileReference; lastKnownFileType = folder.assetcatalog; path = Assets.xcassets; sourceTree = "<group>"; };
		86D1EF0421E4AECF00738187 /* Base */ = {isa = PBXFileReference; lastKnownFileType = file.storyboard; name = Base; path = Base.lproj/LaunchScreen.storyboard; sourceTree = "<group>"; };
		86D1EF0621E4AECF00738187 /* Info.plist */ = {isa = PBXFileReference; lastKnownFileType = text.plist.xml; path = Info.plist; sourceTree = "<group>"; };
		86D1EF1521E4B57000738187 /* DoneButton.swift */ = {isa = PBXFileReference; fileEncoding = 4; lastKnownFileType = sourcecode.swift; path = DoneButton.swift; sourceTree = "<group>"; };
		86D1EF1621E4B57100738187 /* DatePickerInputTextField.swift */ = {isa = PBXFileReference; fileEncoding = 4; lastKnownFileType = sourcecode.swift; path = DatePickerInputTextField.swift; sourceTree = "<group>"; };
		86D1EF1721E4B57100738187 /* MapInputTextField.swift */ = {isa = PBXFileReference; fileEncoding = 4; lastKnownFileType = sourcecode.swift; path = MapInputTextField.swift; sourceTree = "<group>"; };
		86D1EF1821E4B57100738187 /* GradientView.swift */ = {isa = PBXFileReference; fileEncoding = 4; lastKnownFileType = sourcecode.swift; path = GradientView.swift; sourceTree = "<group>"; };
		86D1EF1D21E4B5C900738187 /* DataManager.swift */ = {isa = PBXFileReference; fileEncoding = 4; lastKnownFileType = sourcecode.swift; path = DataManager.swift; sourceTree = "<group>"; };
		86D1EF1E21E4B5C900738187 /* AppDelegate.swift */ = {isa = PBXFileReference; fileEncoding = 4; lastKnownFileType = sourcecode.swift; path = AppDelegate.swift; sourceTree = "<group>"; };
		86D1EF2121E4B67A00738187 /* Home.storyboard */ = {isa = PBXFileReference; fileEncoding = 4; lastKnownFileType = file.storyboard; path = Home.storyboard; sourceTree = "<group>"; };
		86D1EF2321E4B6F600738187 /* Events.storyboard */ = {isa = PBXFileReference; fileEncoding = 4; lastKnownFileType = file.storyboard; path = Events.storyboard; sourceTree = "<group>"; };
		86D1EF2521E4B73700738187 /* HotelsAndRestaurants.storyboard */ = {isa = PBXFileReference; fileEncoding = 4; lastKnownFileType = file.storyboard; path = HotelsAndRestaurants.storyboard; sourceTree = "<group>"; };
		86D1EF2A21E4B7D500738187 /* ImagePickerViewController.swift */ = {isa = PBXFileReference; fileEncoding = 4; lastKnownFileType = sourcecode.swift; path = ImagePickerViewController.swift; sourceTree = "<group>"; };
		86D1EF2B21E4B7D500738187 /* ImagePickerViewController.xib */ = {isa = PBXFileReference; fileEncoding = 4; lastKnownFileType = file.xib; path = ImagePickerViewController.xib; sourceTree = "<group>"; };
		86D1EF2F21E4B7F100738187 /* ImagePickerCollectionViewCell.xib */ = {isa = PBXFileReference; fileEncoding = 4; lastKnownFileType = file.xib; path = ImagePickerCollectionViewCell.xib; sourceTree = "<group>"; };
		86D1EF3021E4B7F100738187 /* ImagePickerCollectionViewCell.swift */ = {isa = PBXFileReference; fileEncoding = 4; lastKnownFileType = sourcecode.swift; path = ImagePickerCollectionViewCell.swift; sourceTree = "<group>"; };
		86D1EF3521E4B82F00738187 /* PHPhotoLibrary+ AuthRequest.swift */ = {isa = PBXFileReference; fileEncoding = 4; lastKnownFileType = sourcecode.swift; path = "PHPhotoLibrary+ AuthRequest.swift"; sourceTree = "<group>"; };
		86D1EF3621E4B82F00738187 /* Date+String.swift */ = {isa = PBXFileReference; fileEncoding = 4; lastKnownFileType = sourcecode.swift; path = "Date+String.swift"; sourceTree = "<group>"; };
		86D1EF3721E4B82F00738187 /* CLLocationManager+ AuthRequest.swift */ = {isa = PBXFileReference; fileEncoding = 4; lastKnownFileType = sourcecode.swift; path = "CLLocationManager+ AuthRequest.swift"; sourceTree = "<group>"; };
		86D1EF4121E4BD2400738187 /* CategoryTableViewCell.xib */ = {isa = PBXFileReference; fileEncoding = 4; lastKnownFileType = file.xib; path = CategoryTableViewCell.xib; sourceTree = "<group>"; };
		86D1EF4D21E4BDBD00738187 /* CategoryTableViewCell.swift */ = {isa = PBXFileReference; fileEncoding = 4; lastKnownFileType = sourcecode.swift; path = CategoryTableViewCell.swift; sourceTree = "<group>"; };
		86D1EF6321E4C05600738187 /* UpcomingTableViewCell.swift */ = {isa = PBXFileReference; fileEncoding = 4; lastKnownFileType = sourcecode.swift; path = UpcomingTableViewCell.swift; sourceTree = "<group>"; };
		86D1EF6421E4C05700738187 /* EventTableViewCell.swift */ = {isa = PBXFileReference; fileEncoding = 4; lastKnownFileType = sourcecode.swift; path = EventTableViewCell.swift; sourceTree = "<group>"; };
		86D1EF6921E4C0B400738187 /* EventCategoryCollectionViewCell.swift */ = {isa = PBXFileReference; fileEncoding = 4; lastKnownFileType = sourcecode.swift; path = EventCategoryCollectionViewCell.swift; sourceTree = "<group>"; };
		86D1EF6A21E4C0B400738187 /* EventPictureCollectionViewCell.swift */ = {isa = PBXFileReference; fileEncoding = 4; lastKnownFileType = sourcecode.swift; path = EventPictureCollectionViewCell.swift; sourceTree = "<group>"; };
		86D1EF6B21E4C0B500738187 /* NewEventCollectionViewCellWithPicture.swift */ = {isa = PBXFileReference; fileEncoding = 4; lastKnownFileType = sourcecode.swift; path = NewEventCollectionViewCellWithPicture.swift; sourceTree = "<group>"; };
		86D1EF7121E4C31300738187 /* EventsViewController.swift */ = {isa = PBXFileReference; fileEncoding = 4; lastKnownFileType = sourcecode.swift; path = EventsViewController.swift; sourceTree = "<group>"; };
		86D1EF7221E4C31300738187 /* UpcomingEventViewController.swift */ = {isa = PBXFileReference; fileEncoding = 4; lastKnownFileType = sourcecode.swift; path = UpcomingEventViewController.swift; sourceTree = "<group>"; };
		86D1EF7321E4C31300738187 /* NewEventViewController.swift */ = {isa = PBXFileReference; fileEncoding = 4; lastKnownFileType = sourcecode.swift; path = NewEventViewController.swift; sourceTree = "<group>"; };
		86D1EF7421E4C31400738187 /* EventViewController.swift */ = {isa = PBXFileReference; fileEncoding = 4; lastKnownFileType = sourcecode.swift; path = EventViewController.swift; sourceTree = "<group>"; };
		86D1EF7521E4C31400738187 /* EventCategoriesViewController.swift */ = {isa = PBXFileReference; fileEncoding = 4; lastKnownFileType = sourcecode.swift; path = EventCategoriesViewController.swift; sourceTree = "<group>"; };
		86D1EF7C21E4C41200738187 /* HomeViewController.swift */ = {isa = PBXFileReference; fileEncoding = 4; lastKnownFileType = sourcecode.swift; path = HomeViewController.swift; sourceTree = "<group>"; };
		86D1EF7D21E4C41200738187 /* ProfileViewController.swift */ = {isa = PBXFileReference; fileEncoding = 4; lastKnownFileType = sourcecode.swift; path = ProfileViewController.swift; sourceTree = "<group>"; };
		86D1EF8321E4C4C300738187 /* MainReserveViewController.swift */ = {isa = PBXFileReference; fileEncoding = 4; lastKnownFileType = sourcecode.swift; path = MainReserveViewController.swift; sourceTree = "<group>"; };
		86D1EF8521E4C4D600738187 /* RestaurantDescriptionViewController.swift */ = {isa = PBXFileReference; fileEncoding = 4; lastKnownFileType = sourcecode.swift; path = RestaurantDescriptionViewController.swift; sourceTree = "<group>"; };
		86D1EF8621E4C4D700738187 /* HotelsViewController.swift */ = {isa = PBXFileReference; fileEncoding = 4; lastKnownFileType = sourcecode.swift; path = HotelsViewController.swift; sourceTree = "<group>"; };
		86D1EF8721E4C4D700738187 /* RestaurantsViewController.swift */ = {isa = PBXFileReference; fileEncoding = 4; lastKnownFileType = sourcecode.swift; path = RestaurantsViewController.swift; sourceTree = "<group>"; };
		86D1EF8821E4C4D700738187 /* HotelDescriptionViewController.swift */ = {isa = PBXFileReference; fileEncoding = 4; lastKnownFileType = sourcecode.swift; path = HotelDescriptionViewController.swift; sourceTree = "<group>"; };
		86D1EF9321E4C69900738187 /* TopRestaurantTableViewCell.swift */ = {isa = PBXFileReference; fileEncoding = 4; lastKnownFileType = sourcecode.swift; path = TopRestaurantTableViewCell.swift; sourceTree = "<group>"; };
		86D1EF9421E4C69A00738187 /* TopHotelTableViewCell.swift */ = {isa = PBXFileReference; fileEncoding = 4; lastKnownFileType = sourcecode.swift; path = TopHotelTableViewCell.swift; sourceTree = "<group>"; };
		86D1EF9A21E4C9BD00738187 /* GoogleService-Info.plist */ = {isa = PBXFileReference; fileEncoding = 4; lastKnownFileType = text.plist.xml; path = "GoogleService-Info.plist"; sourceTree = "<group>"; };
		86D1EF9C21E4CF5400738187 /* InYerevan-Bridging-Header.h */ = {isa = PBXFileReference; fileEncoding = 4; lastKnownFileType = sourcecode.c.h; path = "InYerevan-Bridging-Header.h"; sourceTree = "<group>"; };
		86D1EF9D21E4D00300738187 /* PersistentController.swift */ = {isa = PBXFileReference; fileEncoding = 4; lastKnownFileType = sourcecode.swift; path = PersistentController.swift; sourceTree = "<group>"; };
		86D1EFA021E4D06600738187 /* In_Yerevan.xcdatamodel */ = {isa = PBXFileReference; lastKnownFileType = wrapper.xcdatamodel; path = In_Yerevan.xcdatamodel; sourceTree = "<group>"; };
		D484C15821EC9119006260B3 /* UIColor+Additions.swift */ = {isa = PBXFileReference; lastKnownFileType = sourcecode.swift; path = "UIColor+Additions.swift"; sourceTree = "<group>"; };
		D484C15A21EC961E006260B3 /* UIView+GradientBackground.swift */ = {isa = PBXFileReference; lastKnownFileType = sourcecode.swift; path = "UIView+GradientBackground.swift"; sourceTree = "<group>"; };
		D484C16021ED2AA4006260B3 /* Sender+isAdministration.swift */ = {isa = PBXFileReference; lastKnownFileType = sourcecode.swift; path = "Sender+isAdministration.swift"; sourceTree = "<group>"; };
		D484C16221ED3150006260B3 /* UIView+makeCircular.swift */ = {isa = PBXFileReference; lastKnownFileType = sourcecode.swift; path = "UIView+makeCircular.swift"; sourceTree = "<group>"; };
		D4C0AAE721F0AEF9003C5B59 /* ChannelCell.xib */ = {isa = PBXFileReference; fileEncoding = 4; lastKnownFileType = file.xib; path = ChannelCell.xib; sourceTree = "<group>"; };
		D4C0AAE821F0AEF9003C5B59 /* ChannelCell.swift */ = {isa = PBXFileReference; fileEncoding = 4; lastKnownFileType = sourcecode.swift; path = ChannelCell.swift; sourceTree = "<group>"; };
		D4C17D9A21EC07DF008FCA61 /* UIView+Constraints.swift */ = {isa = PBXFileReference; lastKnownFileType = sourcecode.swift; path = "UIView+Constraints.swift"; sourceTree = "<group>"; };
		D4C17D9E21EC0D72008FCA61 /* UITextField+RoundedCustomization.swift */ = {isa = PBXFileReference; lastKnownFileType = sourcecode.swift; path = "UITextField+RoundedCustomization.swift"; sourceTree = "<group>"; };
		D4C17DA021EC1348008FCA61 /* UIButton+RoundedCustomization.swift */ = {isa = PBXFileReference; lastKnownFileType = sourcecode.swift; path = "UIButton+RoundedCustomization.swift"; sourceTree = "<group>"; };
		D4C8F9D121E4DAD300EF213C /* Message.swift */ = {isa = PBXFileReference; fileEncoding = 4; lastKnownFileType = sourcecode.swift; path = Message.swift; sourceTree = "<group>"; };
		D4C8F9D221E4DAD300EF213C /* Channel.swift */ = {isa = PBXFileReference; fileEncoding = 4; lastKnownFileType = sourcecode.swift; path = Channel.swift; sourceTree = "<group>"; };
		D4C8F9D321E4DAD300EF213C /* Image.swift */ = {isa = PBXFileReference; fileEncoding = 4; lastKnownFileType = sourcecode.swift; path = Image.swift; sourceTree = "<group>"; };
		D4C8F9D721E4DB1400EF213C /* ChatViewController.swift */ = {isa = PBXFileReference; fileEncoding = 4; lastKnownFileType = sourcecode.swift; path = ChatViewController.swift; sourceTree = "<group>"; };
		D4C8F9D921E4DB1400EF213C /* UserListViewController.swift */ = {isa = PBXFileReference; fileEncoding = 4; lastKnownFileType = sourcecode.swift; path = UserListViewController.swift; sourceTree = "<group>"; };
		D4C8F9E021E4DBFE00EF213C /* String+Emoji.swift */ = {isa = PBXFileReference; fileEncoding = 4; lastKnownFileType = sourcecode.swift; path = "String+Emoji.swift"; sourceTree = "<group>"; };
		D4C8F9E121E4DBFE00EF213C /* UIImage+Scaling.swift */ = {isa = PBXFileReference; fileEncoding = 4; lastKnownFileType = sourcecode.swift; path = "UIImage+Scaling.swift"; sourceTree = "<group>"; };
		D4E3835021EB2B3E00A5A89C /* RegistrationViewConrroller.swift */ = {isa = PBXFileReference; lastKnownFileType = sourcecode.swift; path = RegistrationViewConrroller.swift; sourceTree = "<group>"; };
		F9E58D8E21E604F700D0A88C /* User.swift */ = {isa = PBXFileReference; lastKnownFileType = sourcecode.swift; path = User.swift; sourceTree = "<group>"; };
		F9E58D9021E605F300D0A88C /* InYerevan.entitlements */ = {isa = PBXFileReference; lastKnownFileType = text.plist.entitlements; path = InYerevan.entitlements; sourceTree = "<group>"; };
		FB310A817D54909FA5104329 /* Pods-InYerevan.debug.xcconfig */ = {isa = PBXFileReference; includeInIndex = 1; lastKnownFileType = text.xcconfig; name = "Pods-InYerevan.debug.xcconfig"; path = "Pods/Target Support Files/Pods-InYerevan/Pods-InYerevan.debug.xcconfig"; sourceTree = "<group>"; };
/* End PBXFileReference section */

/* Begin PBXFrameworksBuildPhase section */
		86D1EEF421E4AEBD00738187 /* Frameworks */ = {
			isa = PBXFrameworksBuildPhase;
			buildActionMask = 2147483647;
			files = (
				98E1B5C4496047B6E7761DDF /* Pods_InYerevan.framework in Frameworks */,
			);
			runOnlyForDeploymentPostprocessing = 0;
		};
/* End PBXFrameworksBuildPhase section */

/* Begin PBXGroup section */
		1DC651C7C06CBE744E2F37E7 /* Pods */ = {
			isa = PBXGroup;
			children = (
				FB310A817D54909FA5104329 /* Pods-InYerevan.debug.xcconfig */,
				43ACAF3AD86ADC5742A2B8F8 /* Pods-InYerevan.release.xcconfig */,
			);
			name = Pods;
			sourceTree = "<group>";
		};
		58AAB7E2CE48DA43D0EDE515 /* Frameworks */ = {
			isa = PBXGroup;
			children = (
				3DABF38CD586899DF4A2D30E /* Pods_InYerevan.framework */,
			);
			name = Frameworks;
			sourceTree = "<group>";
		};
		86043CBF21EA1ADF001C78F3 /* Event */ = {
			isa = PBXGroup;
			children = (
				86043CC021EA1AE8001C78F3 /* FirebaseEvent.swift */,
			);
			path = Event;
			sourceTree = "<group>";
		};
		86D1EEEE21E4AEBD00738187 = {
			isa = PBXGroup;
			children = (
				86D1EEF921E4AEBD00738187 /* InYerevan */,
				86D1EEF821E4AEBD00738187 /* Products */,
				1DC651C7C06CBE744E2F37E7 /* Pods */,
				58AAB7E2CE48DA43D0EDE515 /* Frameworks */,
			);
			sourceTree = "<group>";
		};
		86D1EEF821E4AEBD00738187 /* Products */ = {
			isa = PBXGroup;
			children = (
				86D1EEF721E4AEBD00738187 /* InYerevan.app */,
			);
			name = Products;
			sourceTree = "<group>";
		};
		86D1EEF921E4AEBD00738187 /* InYerevan */ = {
			isa = PBXGroup;
			children = (
				F9E58D9021E605F300D0A88C /* InYerevan.entitlements */,
				86D1EF1E21E4B5C900738187 /* AppDelegate.swift */,
				86D1EF1D21E4B5C900738187 /* DataManager.swift */,
				86D1EF9F21E4D06600738187 /* In_Yerevan.xcdatamodeld */,
				86D1EF0D21E4B48E00738187 /* Controllers */,
				86D1EF1121E4B4E400738187 /* Custom Classes */,
				86D1EF1021E4B4C000738187 /* Extensions */,
				86D1EF0E21E4B4AC00738187 /* Models */,
				86D1EF0C21E4B48700738187 /* Views */,
				86D1EF0121E4AECF00738187 /* Assets.xcassets */,
				86D1EF0321E4AECF00738187 /* LaunchScreen.storyboard */,
				86D1EF1221E4B4F400738187 /* Supporting FIles */,
			);
			path = InYerevan;
			sourceTree = "<group>";
		};
		86D1EF0C21E4B48700738187 /* Views */ = {
			isa = PBXGroup;
			children = (
				86D1EEFE21E4AEBD00738187 /* Main.storyboard */,
				86D1EF2121E4B67A00738187 /* Home.storyboard */,
				86D1EF2321E4B6F600738187 /* Events.storyboard */,
				86D1EF2521E4B73700738187 /* HotelsAndRestaurants.storyboard */,
				86D1EF2921E4B7AF00738187 /* Xib files */,
			);
			path = Views;
			sourceTree = "<group>";
		};
		86D1EF0D21E4B48E00738187 /* Controllers */ = {
			isa = PBXGroup;
			children = (
				D4C8F9D021E4DA8E00EF213C /* Customer Support */,
				86D1EF8221E4C4AD00738187 /* Hotels & Restaurants */,
				86D1EF7B21E4C3FC00738187 /* Event */,
				86D1EF7021E4C27F00738187 /* Home */,
			);
			path = Controllers;
			sourceTree = "<group>";
		};
		86D1EF0E21E4B4AC00738187 /* Models */ = {
			isa = PBXGroup;
			children = (
				86D1EF9D21E4D00300738187 /* PersistentController.swift */,
				D4C8F9D221E4DAD300EF213C /* Channel.swift */,
				D4C8F9D321E4DAD300EF213C /* Image.swift */,
				D4C8F9D121E4DAD300EF213C /* Message.swift */,
				708A692721E6AFD100932BFA /* HotelsRestaurants.swift */,
				F9E58D8E21E604F700D0A88C /* User.swift */,
				86043CBF21EA1ADF001C78F3 /* Event */,
			);
			path = Models;
			sourceTree = "<group>";
		};
		86D1EF1021E4B4C000738187 /* Extensions */ = {
			isa = PBXGroup;
			children = (
				86D1EF3721E4B82F00738187 /* CLLocationManager+ AuthRequest.swift */,
				86D1EF3621E4B82F00738187 /* Date+String.swift */,
				86D1EF3521E4B82F00738187 /* PHPhotoLibrary+ AuthRequest.swift */,
				D4C8F9E021E4DBFE00EF213C /* String+Emoji.swift */,
				D484C15821EC9119006260B3 /* UIColor+Additions.swift */,
				D4C17D9E21EC0D72008FCA61 /* UITextField+RoundedCustomization.swift */,
				D4C17D9A21EC07DF008FCA61 /* UIView+Constraints.swift */,
				D484C15A21EC961E006260B3 /* UIView+GradientBackground.swift */,
				D484C16221ED3150006260B3 /* UIView+makeCircular.swift */,
				D484C16021ED2AA4006260B3 /* Sender+isAdministration.swift */,
				D4C8F9E121E4DBFE00EF213C /* UIImage+Scaling.swift */,
				D4C17DA021EC1348008FCA61 /* UIButton+RoundedCustomization.swift */,
				86043CC221EAB245001C78F3 /* Date+toString.swift */,
			);
			path = Extensions;
			sourceTree = "<group>";
		};
		86D1EF1121E4B4E400738187 /* Custom Classes */ = {
			isa = PBXGroup;
			children = (
				86D1EF6821E4C08100738187 /* CollectionViewCells */,
				86D1EF6021E4C01700738187 /* TableViewCell */,
				86D1EF9721E4C75F00738187 /* TextField */,
				86D1EF9821E4C76F00738187 /* Button */,
				86D1EF9921E4C77900738187 /* UiVIew */,
			);
			path = "Custom Classes";
			sourceTree = "<group>";
		};
		86D1EF1221E4B4F400738187 /* Supporting FIles */ = {
			isa = PBXGroup;
			children = (
				86D1EF9C21E4CF5400738187 /* InYerevan-Bridging-Header.h */,
				86D1EF9A21E4C9BD00738187 /* GoogleService-Info.plist */,
				86D1EF0621E4AECF00738187 /* Info.plist */,
			);
			path = "Supporting FIles";
			sourceTree = "<group>";
		};
		86D1EF2921E4B7AF00738187 /* Xib files */ = {
			isa = PBXGroup;
			children = (
				86D1EF3421E4B80B00738187 /* ImagePicker */,
				86D1EF3F21E4BD0D00738187 /* Hotels & Restaurants */,
				D4C0AAE621F0AEF9003C5B59 /* ChannelCell */,
			);
			path = "Xib files";
			sourceTree = "<group>";
		};
		86D1EF2E21E4B7DE00738187 /* View and Controller */ = {
			isa = PBXGroup;
			children = (
				86D1EF2A21E4B7D500738187 /* ImagePickerViewController.swift */,
				86D1EF2B21E4B7D500738187 /* ImagePickerViewController.xib */,
			);
			path = "View and Controller";
			sourceTree = "<group>";
		};
		86D1EF3321E4B7FE00738187 /* PickerCollectionViewCell */ = {
			isa = PBXGroup;
			children = (
				86D1EF3021E4B7F100738187 /* ImagePickerCollectionViewCell.swift */,
				86D1EF2F21E4B7F100738187 /* ImagePickerCollectionViewCell.xib */,
			);
			path = PickerCollectionViewCell;
			sourceTree = "<group>";
		};
		86D1EF3421E4B80B00738187 /* ImagePicker */ = {
			isa = PBXGroup;
			children = (
				86D1EF3321E4B7FE00738187 /* PickerCollectionViewCell */,
				86D1EF2E21E4B7DE00738187 /* View and Controller */,
			);
			path = ImagePicker;
			sourceTree = "<group>";
		};
		86D1EF3F21E4BD0D00738187 /* Hotels & Restaurants */ = {
			isa = PBXGroup;
			children = (
				708A691F21E5421900932BFA /* HotelRestaurantMapTableViewCell.swift */,
				708A692021E5421900932BFA /* HotelRestaurantMapTableViewCell.xib */,
				70E7072421E78E6F007CE603 /* HotelRestaurantImageTableViewCell.swift */,
				70E7072521E78E6F007CE603 /* HotelRestaurantImageTableViewCell.xib */,
				70E7072C21E79034007CE603 /* HotelRestaurantCollectionViewCell.swift */,
				70E7072D21E79034007CE603 /* HotelRestaurantCollectionViewCell.xib */,
				86D1EF4A21E4BD5600738187 /* Restaurants */,
				86D1EF4321E4BD2D00738187 /* Hotels */,
				86D1EF4021E4BD1B00738187 /* MainView */,
			);
			path = "Hotels & Restaurants";
			sourceTree = "<group>";
		};
		86D1EF4021E4BD1B00738187 /* MainView */ = {
			isa = PBXGroup;
			children = (
				86D1EF4121E4BD2400738187 /* CategoryTableViewCell.xib */,
				86D1EF4D21E4BDBD00738187 /* CategoryTableViewCell.swift */,
				708A690F21E4E6A200932BFA /* ReserveRegistrationTableViewCell.swift */,
				708A691021E4E6A200932BFA /* ReserveRegistrationTableViewCell.xib */,
			);
			path = MainView;
			sourceTree = "<group>";
		};
		86D1EF4321E4BD2D00738187 /* Hotels */ = {
			isa = PBXGroup;
			children = (
				708A691B21E521C700932BFA /* HotelOverviewTableViewCell.swift */,
				708A691C21E521C700932BFA /* HotelOverviewTableViewCell.xib */,
			);
			path = Hotels;
			sourceTree = "<group>";
		};
		86D1EF4A21E4BD5600738187 /* Restaurants */ = {
			isa = PBXGroup;
			children = (
				7014E65521E9F4840058433D /* RestaurantOverviewTableViewCell.swift */,
				7014E65621E9F4840058433D /* RestaurantOverviewTableViewCell.xib */,
			);
			path = Restaurants;
			sourceTree = "<group>";
		};
		86D1EF6021E4C01700738187 /* TableViewCell */ = {
			isa = PBXGroup;
			children = (
				86D1EF8D21E4C60200738187 /* Hotels & Restaurants */,
				86D1EF6721E4C06800738187 /* Events */,
			);
			path = TableViewCell;
			sourceTree = "<group>";
		};
		86D1EF6721E4C06800738187 /* Events */ = {
			isa = PBXGroup;
			children = (
				86D1EF6421E4C05700738187 /* EventTableViewCell.swift */,
				86D1EF6321E4C05600738187 /* UpcomingTableViewCell.swift */,
			);
			path = Events;
			sourceTree = "<group>";
		};
		86D1EF6821E4C08100738187 /* CollectionViewCells */ = {
			isa = PBXGroup;
			children = (
				86D1EF9221E4C68000738187 /* Hotels & Restaurants */,
				86D1EF6F21E4C0BF00738187 /* Events */,
			);
			path = CollectionViewCells;
			sourceTree = "<group>";
		};
		86D1EF6F21E4C0BF00738187 /* Events */ = {
			isa = PBXGroup;
			children = (
				86D1EF6921E4C0B400738187 /* EventCategoryCollectionViewCell.swift */,
				86D1EF6A21E4C0B400738187 /* EventPictureCollectionViewCell.swift */,
				86D1EF6B21E4C0B500738187 /* NewEventCollectionViewCellWithPicture.swift */,
			);
			path = Events;
			sourceTree = "<group>";
		};
		86D1EF7021E4C27F00738187 /* Home */ = {
			isa = PBXGroup;
			children = (
				D4E3835021EB2B3E00A5A89C /* RegistrationViewConrroller.swift */,
				86D1EF7C21E4C41200738187 /* HomeViewController.swift */,
				86D1EF7D21E4C41200738187 /* ProfileViewController.swift */,
			);
			path = Home;
			sourceTree = "<group>";
		};
		86D1EF7B21E4C3FC00738187 /* Event */ = {
			isa = PBXGroup;
			children = (
				86D1EF7521E4C31400738187 /* EventCategoriesViewController.swift */,
				86D1EF7121E4C31300738187 /* EventsViewController.swift */,
				86D1EF7421E4C31400738187 /* EventViewController.swift */,
				86D1EF7321E4C31300738187 /* NewEventViewController.swift */,
				86D1EF7221E4C31300738187 /* UpcomingEventViewController.swift */,
			);
			path = Event;
			sourceTree = "<group>";
		};
		86D1EF8221E4C4AD00738187 /* Hotels & Restaurants */ = {
			isa = PBXGroup;
			children = (
				708A690D21E4E66100932BFA /* ReserveRegistrationViewController.swift */,
				86D1EF8321E4C4C300738187 /* MainReserveViewController.swift */,
				86D1EF8621E4C4D700738187 /* HotelsViewController.swift */,
				86D1EF8821E4C4D700738187 /* HotelDescriptionViewController.swift */,
				86D1EF8721E4C4D700738187 /* RestaurantsViewController.swift */,
				86D1EF8521E4C4D600738187 /* RestaurantDescriptionViewController.swift */,
			);
			path = "Hotels & Restaurants";
			sourceTree = "<group>";
		};
		86D1EF8D21E4C60200738187 /* Hotels & Restaurants */ = {
			isa = PBXGroup;
			children = (
				86D1EF9421E4C69A00738187 /* TopHotelTableViewCell.swift */,
				86D1EF9321E4C69900738187 /* TopRestaurantTableViewCell.swift */,
				708A692321E551FC00932BFA /* HotelTableViewCell.swift */,
				708A692521E557F600932BFA /* RestaurantTableViewCell.swift */,
			);
			path = "Hotels & Restaurants";
			sourceTree = "<group>";
		};
		86D1EF9221E4C68000738187 /* Hotels & Restaurants */ = {
			isa = PBXGroup;
			children = (
				86AFF76B21E4D1D100990FA8 /* TopHotelCollectionViewCell.swift */,
				86AFF76D21E4D22700990FA8 /* TopRestaurantCollectionViewCell.swift */,
				7014E65B21ECB4A00058433D /* HotelRestaurantImagePickerCollectionViewCell.swift */,
			);
			path = "Hotels & Restaurants";
			sourceTree = "<group>";
		};
		86D1EF9721E4C75F00738187 /* TextField */ = {
			isa = PBXGroup;
			children = (
				86D1EF1621E4B57100738187 /* DatePickerInputTextField.swift */,
				86D1EF1721E4B57100738187 /* MapInputTextField.swift */,
			);
			path = TextField;
			sourceTree = "<group>";
		};
		86D1EF9821E4C76F00738187 /* Button */ = {
			isa = PBXGroup;
			children = (
				86D1EF1521E4B57000738187 /* DoneButton.swift */,
			);
			path = Button;
			sourceTree = "<group>";
		};
		86D1EF9921E4C77900738187 /* UiVIew */ = {
			isa = PBXGroup;
			children = (
				86D1EF1821E4B57100738187 /* GradientView.swift */,
			);
			path = UiVIew;
			sourceTree = "<group>";
		};
		D4C0AAE621F0AEF9003C5B59 /* ChannelCell */ = {
			isa = PBXGroup;
			children = (
				D4C0AAE721F0AEF9003C5B59 /* ChannelCell.xib */,
				D4C0AAE821F0AEF9003C5B59 /* ChannelCell.swift */,
			);
			name = ChannelCell;
			path = "InYerevan/Views/Xib files/ChannelCell";
			sourceTree = SOURCE_ROOT;
		};
		D4C8F9D021E4DA8E00EF213C /* Customer Support */ = {
			isa = PBXGroup;
			children = (
				D4C8F9D721E4DB1400EF213C /* ChatViewController.swift */,
				D4C8F9D921E4DB1400EF213C /* UserListViewController.swift */,
			);
			path = "Customer Support";
			sourceTree = "<group>";
		};
/* End PBXGroup section */

/* Begin PBXNativeTarget section */
		86D1EEF621E4AEBD00738187 /* InYerevan */ = {
			isa = PBXNativeTarget;
			buildConfigurationList = 86D1EF0921E4AECF00738187 /* Build configuration list for PBXNativeTarget "InYerevan" */;
			buildPhases = (
				4E6121864CE72F8C8312D643 /* [CP] Check Pods Manifest.lock */,
				86D1EEF321E4AEBD00738187 /* Sources */,
				86D1EEF421E4AEBD00738187 /* Frameworks */,
				86D1EEF521E4AEBD00738187 /* Resources */,
				F05F1D46A0792FBE17C6705B /* [CP] Embed Pods Frameworks */,
				2E9BC0AAFC93DD57BF2CB6A4 /* [CP] Copy Pods Resources */,
			);
			buildRules = (
			);
			dependencies = (
			);
			name = InYerevan;
			productName = InYerevan;
			productReference = 86D1EEF721E4AEBD00738187 /* InYerevan.app */;
			productType = "com.apple.product-type.application";
		};
/* End PBXNativeTarget section */

/* Begin PBXProject section */
		86D1EEEF21E4AEBD00738187 /* Project object */ = {
			isa = PBXProject;
			attributes = {
				LastSwiftUpdateCheck = 1010;
				LastUpgradeCheck = 1010;
				ORGANIZATIONNAME = InYerevan.am;
				TargetAttributes = {
					86D1EEF621E4AEBD00738187 = {
						CreatedOnToolsVersion = 10.1;
						LastSwiftMigration = 1010;
						SystemCapabilities = {
							com.apple.Keychain = {
								enabled = 0;
							};
						};
					};
				};
			};
			buildConfigurationList = 86D1EEF221E4AEBD00738187 /* Build configuration list for PBXProject "InYerevan" */;
			compatibilityVersion = "Xcode 9.3";
			developmentRegion = en;
			hasScannedForEncodings = 0;
			knownRegions = (
				en,
				Base,
			);
			mainGroup = 86D1EEEE21E4AEBD00738187;
			productRefGroup = 86D1EEF821E4AEBD00738187 /* Products */;
			projectDirPath = "";
			projectRoot = "";
			targets = (
				86D1EEF621E4AEBD00738187 /* InYerevan */,
			);
		};
/* End PBXProject section */

/* Begin PBXResourcesBuildPhase section */
		86D1EEF521E4AEBD00738187 /* Resources */ = {
			isa = PBXResourcesBuildPhase;
			buildActionMask = 2147483647;
			files = (
				708A692221E5421900932BFA /* HotelRestaurantMapTableViewCell.xib in Resources */,
				86D1EF2621E4B73700738187 /* HotelsAndRestaurants.storyboard in Resources */,
				7014E65821E9F4840058433D /* RestaurantOverviewTableViewCell.xib in Resources */,
				86D1EF0521E4AECF00738187 /* LaunchScreen.storyboard in Resources */,
				86D1EF0221E4AECF00738187 /* Assets.xcassets in Resources */,
				86D1EF4221E4BD2400738187 /* CategoryTableViewCell.xib in Resources */,
				70E7072721E78E6F007CE603 /* HotelRestaurantImageTableViewCell.xib in Resources */,
				70E7072F21E79034007CE603 /* HotelRestaurantCollectionViewCell.xib in Resources */,
				86D1EF9B21E4C9BD00738187 /* GoogleService-Info.plist in Resources */,
				86D1EF0021E4AEBD00738187 /* Main.storyboard in Resources */,
				D4C0AAE921F0AEF9003C5B59 /* ChannelCell.xib in Resources */,
				86D1EF2221E4B67A00738187 /* Home.storyboard in Resources */,
				86D1EF2D21E4B7D500738187 /* ImagePickerViewController.xib in Resources */,
				86D1EF3121E4B7F200738187 /* ImagePickerCollectionViewCell.xib in Resources */,
				86D1EF2421E4B6F700738187 /* Events.storyboard in Resources */,
				708A691221E4E6A200932BFA /* ReserveRegistrationTableViewCell.xib in Resources */,
				708A691E21E521C700932BFA /* HotelOverviewTableViewCell.xib in Resources */,
			);
			runOnlyForDeploymentPostprocessing = 0;
		};
/* End PBXResourcesBuildPhase section */

/* Begin PBXShellScriptBuildPhase section */
		2E9BC0AAFC93DD57BF2CB6A4 /* [CP] Copy Pods Resources */ = {
			isa = PBXShellScriptBuildPhase;
			buildActionMask = 2147483647;
			files = (
			);
			inputFileListPaths = (
			);
			inputPaths = (
				"${SRCROOT}/Pods/Target Support Files/Pods-InYerevan/Pods-InYerevan-resources.sh",
				"${PODS_CONFIGURATION_BUILD_DIR}/FirebaseFirestore/gRPCCertificates-Firestore.bundle",
				"${PODS_ROOT}/GoogleSignIn/Resources/GoogleSignIn.bundle",
			);
			name = "[CP] Copy Pods Resources";
			outputFileListPaths = (
			);
			outputPaths = (
				"${TARGET_BUILD_DIR}/${UNLOCALIZED_RESOURCES_FOLDER_PATH}/gRPCCertificates-Firestore.bundle",
				"${TARGET_BUILD_DIR}/${UNLOCALIZED_RESOURCES_FOLDER_PATH}/GoogleSignIn.bundle",
			);
			runOnlyForDeploymentPostprocessing = 0;
			shellPath = /bin/sh;
			shellScript = "\"${SRCROOT}/Pods/Target Support Files/Pods-InYerevan/Pods-InYerevan-resources.sh\"\n";
			showEnvVarsInLog = 0;
		};
		4E6121864CE72F8C8312D643 /* [CP] Check Pods Manifest.lock */ = {
			isa = PBXShellScriptBuildPhase;
			buildActionMask = 2147483647;
			files = (
			);
			inputFileListPaths = (
			);
			inputPaths = (
				"${PODS_PODFILE_DIR_PATH}/Podfile.lock",
				"${PODS_ROOT}/Manifest.lock",
			);
			name = "[CP] Check Pods Manifest.lock";
			outputFileListPaths = (
			);
			outputPaths = (
				"$(DERIVED_FILE_DIR)/Pods-InYerevan-checkManifestLockResult.txt",
			);
			runOnlyForDeploymentPostprocessing = 0;
			shellPath = /bin/sh;
			shellScript = "diff \"${PODS_PODFILE_DIR_PATH}/Podfile.lock\" \"${PODS_ROOT}/Manifest.lock\" > /dev/null\nif [ $? != 0 ] ; then\n    # print error to STDERR\n    echo \"error: The sandbox is not in sync with the Podfile.lock. Run 'pod install' or update your CocoaPods installation.\" >&2\n    exit 1\nfi\n# This output is used by Xcode 'outputs' to avoid re-running this script phase.\necho \"SUCCESS\" > \"${SCRIPT_OUTPUT_FILE_0}\"\n";
			showEnvVarsInLog = 0;
		};
		F05F1D46A0792FBE17C6705B /* [CP] Embed Pods Frameworks */ = {
			isa = PBXShellScriptBuildPhase;
			buildActionMask = 2147483647;
			files = (
			);
			inputFileListPaths = (
			);
			inputPaths = (
				"${SRCROOT}/Pods/Target Support Files/Pods-InYerevan/Pods-InYerevan-frameworks.sh",
				"${BUILT_PRODUCTS_DIR}/BoringSSL/openssl.framework",
				"${BUILT_PRODUCTS_DIR}/Cosmos/Cosmos.framework",
				"${BUILT_PRODUCTS_DIR}/GTMSessionFetcher/GTMSessionFetcher.framework",
				"${BUILT_PRODUCTS_DIR}/GoogleToolboxForMac/GoogleToolboxForMac.framework",
				"${BUILT_PRODUCTS_DIR}/GoogleUtilities/GoogleUtilities.framework",
				"${BUILT_PRODUCTS_DIR}/MBProgressHUD/MBProgressHUD.framework",
				"${BUILT_PRODUCTS_DIR}/MessageInputBar/MessageInputBar.framework",
				"${BUILT_PRODUCTS_DIR}/MessageKit/MessageKit.framework",
				"${BUILT_PRODUCTS_DIR}/Protobuf/Protobuf.framework",
				"${BUILT_PRODUCTS_DIR}/gRPC-C++/grpcpp.framework",
				"${BUILT_PRODUCTS_DIR}/gRPC-Core/grpc.framework",
				"${BUILT_PRODUCTS_DIR}/leveldb-library/leveldb.framework",
				"${BUILT_PRODUCTS_DIR}/nanopb/nanopb.framework",
			);
			name = "[CP] Embed Pods Frameworks";
			outputFileListPaths = (
			);
			outputPaths = (
				"${TARGET_BUILD_DIR}/${FRAMEWORKS_FOLDER_PATH}/openssl.framework",
				"${TARGET_BUILD_DIR}/${FRAMEWORKS_FOLDER_PATH}/Cosmos.framework",
				"${TARGET_BUILD_DIR}/${FRAMEWORKS_FOLDER_PATH}/GTMSessionFetcher.framework",
				"${TARGET_BUILD_DIR}/${FRAMEWORKS_FOLDER_PATH}/GoogleToolboxForMac.framework",
				"${TARGET_BUILD_DIR}/${FRAMEWORKS_FOLDER_PATH}/GoogleUtilities.framework",
				"${TARGET_BUILD_DIR}/${FRAMEWORKS_FOLDER_PATH}/MBProgressHUD.framework",
				"${TARGET_BUILD_DIR}/${FRAMEWORKS_FOLDER_PATH}/MessageInputBar.framework",
				"${TARGET_BUILD_DIR}/${FRAMEWORKS_FOLDER_PATH}/MessageKit.framework",
				"${TARGET_BUILD_DIR}/${FRAMEWORKS_FOLDER_PATH}/Protobuf.framework",
				"${TARGET_BUILD_DIR}/${FRAMEWORKS_FOLDER_PATH}/grpcpp.framework",
				"${TARGET_BUILD_DIR}/${FRAMEWORKS_FOLDER_PATH}/grpc.framework",
				"${TARGET_BUILD_DIR}/${FRAMEWORKS_FOLDER_PATH}/leveldb.framework",
				"${TARGET_BUILD_DIR}/${FRAMEWORKS_FOLDER_PATH}/nanopb.framework",
			);
			runOnlyForDeploymentPostprocessing = 0;
			shellPath = /bin/sh;
			shellScript = "\"${SRCROOT}/Pods/Target Support Files/Pods-InYerevan/Pods-InYerevan-frameworks.sh\"\n";
			showEnvVarsInLog = 0;
		};
/* End PBXShellScriptBuildPhase section */

/* Begin PBXSourcesBuildPhase section */
		86D1EEF321E4AEBD00738187 /* Sources */ = {
			isa = PBXSourcesBuildPhase;
			buildActionMask = 2147483647;
			files = (
				708A690E21E4E66100932BFA /* ReserveRegistrationViewController.swift in Sources */,
				86AFF76E21E4D22800990FA8 /* TopRestaurantCollectionViewCell.swift in Sources */,
				86D1EF9621E4C69A00738187 /* TopHotelTableViewCell.swift in Sources */,
				86D1EF2021E4B5CA00738187 /* AppDelegate.swift in Sources */,
				86AFF76C21E4D1D100990FA8 /* TopHotelCollectionViewCell.swift in Sources */,
				708A692621E557F600932BFA /* RestaurantTableViewCell.swift in Sources */,
				86D1EF1B21E4B57100738187 /* MapInputTextField.swift in Sources */,
				86D1EF3821E4B83000738187 /* PHPhotoLibrary+ AuthRequest.swift in Sources */,
				86D1EF1F21E4B5CA00738187 /* DataManager.swift in Sources */,
				86D1EF3A21E4B83000738187 /* CLLocationManager+ AuthRequest.swift in Sources */,
				86D1EF9521E4C69A00738187 /* TopRestaurantTableViewCell.swift in Sources */,
				D4C8F9D621E4DAD400EF213C /* Image.swift in Sources */,
				86D1EF7921E4C31400738187 /* EventViewController.swift in Sources */,
				7014E65721E9F4840058433D /* RestaurantOverviewTableViewCell.swift in Sources */,
				708A691121E4E6A200932BFA /* ReserveRegistrationTableViewCell.swift in Sources */,
				86D1EF1A21E4B57100738187 /* DatePickerInputTextField.swift in Sources */,
				D4C8F9DC21E4DB1500EF213C /* UserListViewController.swift in Sources */,
				D4C17D9F21EC0D72008FCA61 /* UITextField+RoundedCustomization.swift in Sources */,
				86D1EF1C21E4B57100738187 /* GradientView.swift in Sources */,
				86D1EF6521E4C05800738187 /* UpcomingTableViewCell.swift in Sources */,
				86043CC121EA1AE9001C78F3 /* FirebaseEvent.swift in Sources */,
				86D1EF6621E4C05800738187 /* EventTableViewCell.swift in Sources */,
				D4E3835121EB2B3E00A5A89C /* RegistrationViewConrroller.swift in Sources */,
				86D1EF1921E4B57100738187 /* DoneButton.swift in Sources */,
				86D1EF8A21E4C4D800738187 /* HotelsViewController.swift in Sources */,
				86D1EF7821E4C31400738187 /* NewEventViewController.swift in Sources */,
				7014E65C21ECB4A00058433D /* HotelRestaurantImagePickerCollectionViewCell.swift in Sources */,
				86D1EF8021E4C41300738187 /* ProfileViewController.swift in Sources */,
				D4C0AAEA21F0AEF9003C5B59 /* ChannelCell.swift in Sources */,
				86D1EF7721E4C31400738187 /* UpcomingEventViewController.swift in Sources */,
				D484C15B21EC961E006260B3 /* UIView+GradientBackground.swift in Sources */,
				86D1EFA121E4D06700738187 /* In_Yerevan.xcdatamodeld in Sources */,
				D4C17D9B21EC07DF008FCA61 /* UIView+Constraints.swift in Sources */,
				D4C8F9D521E4DAD400EF213C /* Channel.swift in Sources */,
				86D1EF6E21E4C0B500738187 /* NewEventCollectionViewCellWithPicture.swift in Sources */,
				70E7072E21E79034007CE603 /* HotelRestaurantCollectionViewCell.swift in Sources */,
				708A691D21E521C700932BFA /* HotelOverviewTableViewCell.swift in Sources */,
				86D1EF3221E4B7F200738187 /* ImagePickerCollectionViewCell.swift in Sources */,
				D4C8F9E421E4DBFE00EF213C /* UIImage+Scaling.swift in Sources */,
				86043CC321EAB245001C78F3 /* Date+toString.swift in Sources */,
				D484C16121ED2AA4006260B3 /* Sender+isAdministration.swift in Sources */,
				86D1EF3921E4B83000738187 /* Date+String.swift in Sources */,
				86D1EF7F21E4C41300738187 /* HomeViewController.swift in Sources */,
				D4C8F9D421E4DAD400EF213C /* Message.swift in Sources */,
				86D1EF8921E4C4D800738187 /* RestaurantDescriptionViewController.swift in Sources */,
				86D1EF6C21E4C0B500738187 /* EventCategoryCollectionViewCell.swift in Sources */,
				86D1EF7621E4C31400738187 /* EventsViewController.swift in Sources */,
				86D1EF7A21E4C31400738187 /* EventCategoriesViewController.swift in Sources */,
				708A692821E6AFD100932BFA /* HotelsRestaurants.swift in Sources */,
				86D1EF9E21E4D00400738187 /* PersistentController.swift in Sources */,
				86D1EF6D21E4C0B500738187 /* EventPictureCollectionViewCell.swift in Sources */,
				D4C8F9E321E4DBFE00EF213C /* String+Emoji.swift in Sources */,
				F9E58D8F21E604F700D0A88C /* User.swift in Sources */,
				86D1EF8B21E4C4D800738187 /* RestaurantsViewController.swift in Sources */,
				86D1EF8421E4C4C300738187 /* MainReserveViewController.swift in Sources */,
				86D1EF8C21E4C4D800738187 /* HotelDescriptionViewController.swift in Sources */,
				86D1EF2C21E4B7D500738187 /* ImagePickerViewController.swift in Sources */,
				D484C15921EC9119006260B3 /* UIColor+Additions.swift in Sources */,
				70E7072621E78E6F007CE603 /* HotelRestaurantImageTableViewCell.swift in Sources */,
				708A692121E5421900932BFA /* HotelRestaurantMapTableViewCell.swift in Sources */,
				D4C17DA121EC1348008FCA61 /* UIButton+RoundedCustomization.swift in Sources */,
				708A692421E551FC00932BFA /* HotelTableViewCell.swift in Sources */,
				D4C8F9DA21E4DB1500EF213C /* ChatViewController.swift in Sources */,
				D484C16321ED3150006260B3 /* UIView+makeCircular.swift in Sources */,
				86D1EF4E21E4BDBD00738187 /* CategoryTableViewCell.swift in Sources */,
			);
			runOnlyForDeploymentPostprocessing = 0;
		};
/* End PBXSourcesBuildPhase section */

/* Begin PBXVariantGroup section */
		86D1EEFE21E4AEBD00738187 /* Main.storyboard */ = {
			isa = PBXVariantGroup;
			children = (
				86D1EEFF21E4AEBD00738187 /* Base */,
			);
			name = Main.storyboard;
			sourceTree = "<group>";
		};
		86D1EF0321E4AECF00738187 /* LaunchScreen.storyboard */ = {
			isa = PBXVariantGroup;
			children = (
				86D1EF0421E4AECF00738187 /* Base */,
			);
			name = LaunchScreen.storyboard;
			sourceTree = "<group>";
		};
/* End PBXVariantGroup section */

/* Begin XCBuildConfiguration section */
		86D1EF0721E4AECF00738187 /* Debug */ = {
			isa = XCBuildConfiguration;
			buildSettings = {
				ALWAYS_SEARCH_USER_PATHS = NO;
				CLANG_ANALYZER_NONNULL = YES;
				CLANG_ANALYZER_NUMBER_OBJECT_CONVERSION = YES_AGGRESSIVE;
				CLANG_CXX_LANGUAGE_STANDARD = "gnu++14";
				CLANG_CXX_LIBRARY = "libc++";
				CLANG_ENABLE_MODULES = YES;
				CLANG_ENABLE_OBJC_ARC = YES;
				CLANG_ENABLE_OBJC_WEAK = YES;
				CLANG_WARN_BLOCK_CAPTURE_AUTORELEASING = YES;
				CLANG_WARN_BOOL_CONVERSION = YES;
				CLANG_WARN_COMMA = YES;
				CLANG_WARN_CONSTANT_CONVERSION = YES;
				CLANG_WARN_DEPRECATED_OBJC_IMPLEMENTATIONS = YES;
				CLANG_WARN_DIRECT_OBJC_ISA_USAGE = YES_ERROR;
				CLANG_WARN_DOCUMENTATION_COMMENTS = YES;
				CLANG_WARN_EMPTY_BODY = YES;
				CLANG_WARN_ENUM_CONVERSION = YES;
				CLANG_WARN_INFINITE_RECURSION = YES;
				CLANG_WARN_INT_CONVERSION = YES;
				CLANG_WARN_NON_LITERAL_NULL_CONVERSION = YES;
				CLANG_WARN_OBJC_IMPLICIT_RETAIN_SELF = YES;
				CLANG_WARN_OBJC_LITERAL_CONVERSION = YES;
				CLANG_WARN_OBJC_ROOT_CLASS = YES_ERROR;
				CLANG_WARN_RANGE_LOOP_ANALYSIS = YES;
				CLANG_WARN_STRICT_PROTOTYPES = YES;
				CLANG_WARN_SUSPICIOUS_MOVE = YES;
				CLANG_WARN_UNGUARDED_AVAILABILITY = YES_AGGRESSIVE;
				CLANG_WARN_UNREACHABLE_CODE = YES;
				CLANG_WARN__DUPLICATE_METHOD_MATCH = YES;
				CODE_SIGN_IDENTITY = "iPhone Developer";
				COPY_PHASE_STRIP = NO;
				DEBUG_INFORMATION_FORMAT = dwarf;
				ENABLE_STRICT_OBJC_MSGSEND = YES;
				ENABLE_TESTABILITY = YES;
				GCC_C_LANGUAGE_STANDARD = gnu11;
				GCC_DYNAMIC_NO_PIC = NO;
				GCC_NO_COMMON_BLOCKS = YES;
				GCC_OPTIMIZATION_LEVEL = 0;
				GCC_PREPROCESSOR_DEFINITIONS = (
					"DEBUG=1",
					"$(inherited)",
				);
				GCC_WARN_64_TO_32_BIT_CONVERSION = YES;
				GCC_WARN_ABOUT_RETURN_TYPE = YES_ERROR;
				GCC_WARN_UNDECLARED_SELECTOR = YES;
				GCC_WARN_UNINITIALIZED_AUTOS = YES_AGGRESSIVE;
				GCC_WARN_UNUSED_FUNCTION = YES;
				GCC_WARN_UNUSED_VARIABLE = YES;
				IPHONEOS_DEPLOYMENT_TARGET = 12.1;
				MTL_ENABLE_DEBUG_INFO = INCLUDE_SOURCE;
				MTL_FAST_MATH = YES;
				ONLY_ACTIVE_ARCH = YES;
				SDKROOT = iphoneos;
				SWIFT_ACTIVE_COMPILATION_CONDITIONS = DEBUG;
				SWIFT_ENABLE_BATCH_MODE = No;
				SWIFT_OPTIMIZATION_LEVEL = "-Onone";
			};
			name = Debug;
		};
		86D1EF0821E4AECF00738187 /* Release */ = {
			isa = XCBuildConfiguration;
			buildSettings = {
				ALWAYS_SEARCH_USER_PATHS = NO;
				CLANG_ANALYZER_NONNULL = YES;
				CLANG_ANALYZER_NUMBER_OBJECT_CONVERSION = YES_AGGRESSIVE;
				CLANG_CXX_LANGUAGE_STANDARD = "gnu++14";
				CLANG_CXX_LIBRARY = "libc++";
				CLANG_ENABLE_MODULES = YES;
				CLANG_ENABLE_OBJC_ARC = YES;
				CLANG_ENABLE_OBJC_WEAK = YES;
				CLANG_WARN_BLOCK_CAPTURE_AUTORELEASING = YES;
				CLANG_WARN_BOOL_CONVERSION = YES;
				CLANG_WARN_COMMA = YES;
				CLANG_WARN_CONSTANT_CONVERSION = YES;
				CLANG_WARN_DEPRECATED_OBJC_IMPLEMENTATIONS = YES;
				CLANG_WARN_DIRECT_OBJC_ISA_USAGE = YES_ERROR;
				CLANG_WARN_DOCUMENTATION_COMMENTS = YES;
				CLANG_WARN_EMPTY_BODY = YES;
				CLANG_WARN_ENUM_CONVERSION = YES;
				CLANG_WARN_INFINITE_RECURSION = YES;
				CLANG_WARN_INT_CONVERSION = YES;
				CLANG_WARN_NON_LITERAL_NULL_CONVERSION = YES;
				CLANG_WARN_OBJC_IMPLICIT_RETAIN_SELF = YES;
				CLANG_WARN_OBJC_LITERAL_CONVERSION = YES;
				CLANG_WARN_OBJC_ROOT_CLASS = YES_ERROR;
				CLANG_WARN_RANGE_LOOP_ANALYSIS = YES;
				CLANG_WARN_STRICT_PROTOTYPES = YES;
				CLANG_WARN_SUSPICIOUS_MOVE = YES;
				CLANG_WARN_UNGUARDED_AVAILABILITY = YES_AGGRESSIVE;
				CLANG_WARN_UNREACHABLE_CODE = YES;
				CLANG_WARN__DUPLICATE_METHOD_MATCH = YES;
				CODE_SIGN_IDENTITY = "iPhone Developer";
				COPY_PHASE_STRIP = NO;
				DEBUG_INFORMATION_FORMAT = "dwarf-with-dsym";
				ENABLE_NS_ASSERTIONS = NO;
				ENABLE_STRICT_OBJC_MSGSEND = YES;
				GCC_C_LANGUAGE_STANDARD = gnu11;
				GCC_NO_COMMON_BLOCKS = YES;
				GCC_WARN_64_TO_32_BIT_CONVERSION = YES;
				GCC_WARN_ABOUT_RETURN_TYPE = YES_ERROR;
				GCC_WARN_UNDECLARED_SELECTOR = YES;
				GCC_WARN_UNINITIALIZED_AUTOS = YES_AGGRESSIVE;
				GCC_WARN_UNUSED_FUNCTION = YES;
				GCC_WARN_UNUSED_VARIABLE = YES;
				IPHONEOS_DEPLOYMENT_TARGET = 12.1;
				MTL_ENABLE_DEBUG_INFO = NO;
				MTL_FAST_MATH = YES;
				SDKROOT = iphoneos;
				SWIFT_COMPILATION_MODE = wholemodule;
				SWIFT_ENABLE_BATCH_MODE = No;
				SWIFT_OPTIMIZATION_LEVEL = "-O";
				VALIDATE_PRODUCT = YES;
			};
			name = Release;
		};
		86D1EF0A21E4AECF00738187 /* Debug */ = {
			isa = XCBuildConfiguration;
			baseConfigurationReference = FB310A817D54909FA5104329 /* Pods-InYerevan.debug.xcconfig */;
			buildSettings = {
				ASSETCATALOG_COMPILER_APPICON_NAME = AppIcon;
				CLANG_ENABLE_MODULES = YES;
				CODE_SIGN_STYLE = Automatic;
				DEVELOPMENT_TEAM = "";
				INFOPLIST_FILE = "$(SRCROOT)/InYerevan/Supporting FIles/Info.plist";
				IPHONEOS_DEPLOYMENT_TARGET = 11.3;
				LD_RUNPATH_SEARCH_PATHS = (
					"$(inherited)",
					"@executable_path/Frameworks",
				);
				PRODUCT_BUNDLE_IDENTIFIER = loqshGroup.InYerevan;
				PRODUCT_NAME = "$(TARGET_NAME)";
				SWIFT_ENABLE_BATCH_MODE = No;
				SWIFT_OPTIMIZATION_LEVEL = "-Onone";
				SWIFT_VERSION = 4.2;
				TARGETED_DEVICE_FAMILY = "1,2";
			};
			name = Debug;
		};
		86D1EF0B21E4AECF00738187 /* Release */ = {
			isa = XCBuildConfiguration;
			baseConfigurationReference = 43ACAF3AD86ADC5742A2B8F8 /* Pods-InYerevan.release.xcconfig */;
			buildSettings = {
				ASSETCATALOG_COMPILER_APPICON_NAME = AppIcon;
				CLANG_ENABLE_MODULES = YES;
				CODE_SIGN_STYLE = Automatic;
				DEVELOPMENT_TEAM = "";
				INFOPLIST_FILE = "$(SRCROOT)/InYerevan/Supporting FIles/Info.plist";
				IPHONEOS_DEPLOYMENT_TARGET = 11.3;
				LD_RUNPATH_SEARCH_PATHS = (
					"$(inherited)",
					"@executable_path/Frameworks",
				);
				PRODUCT_BUNDLE_IDENTIFIER = loqshGroup.InYerevan;
				PRODUCT_NAME = "$(TARGET_NAME)";
				SWIFT_ENABLE_BATCH_MODE = No;
				SWIFT_VERSION = 4.2;
				TARGETED_DEVICE_FAMILY = "1,2";
			};
			name = Release;
		};
/* End XCBuildConfiguration section */

/* Begin XCConfigurationList section */
		86D1EEF221E4AEBD00738187 /* Build configuration list for PBXProject "InYerevan" */ = {
			isa = XCConfigurationList;
			buildConfigurations = (
				86D1EF0721E4AECF00738187 /* Debug */,
				86D1EF0821E4AECF00738187 /* Release */,
			);
			defaultConfigurationIsVisible = 0;
			defaultConfigurationName = Release;
		};
		86D1EF0921E4AECF00738187 /* Build configuration list for PBXNativeTarget "InYerevan" */ = {
			isa = XCConfigurationList;
			buildConfigurations = (
				86D1EF0A21E4AECF00738187 /* Debug */,
				86D1EF0B21E4AECF00738187 /* Release */,
			);
			defaultConfigurationIsVisible = 0;
			defaultConfigurationName = Release;
		};
/* End XCConfigurationList section */

/* Begin XCVersionGroup section */
		86D1EF9F21E4D06600738187 /* In_Yerevan.xcdatamodeld */ = {
			isa = XCVersionGroup;
			children = (
				86D1EFA021E4D06600738187 /* In_Yerevan.xcdatamodel */,
			);
			currentVersion = 86D1EFA021E4D06600738187 /* In_Yerevan.xcdatamodel */;
			path = In_Yerevan.xcdatamodeld;
			sourceTree = "<group>";
			versionGroupType = wrapper.xcdatamodel;
		};
/* End XCVersionGroup section */
	};
	rootObject = 86D1EEEF21E4AEBD00738187 /* Project object */;
}
